
Microsoft Visual Studio Solution File, Format Version 12.00
# Visual Studio Version 16
VisualStudioVersion = 16.0.31205.134
MinimumVisualStudioVersion = 10.0.40219.1
Project("{9A19103F-16F7-4668-BE54-9A1E7A4F7556}") = "SecretMessenger", "SecretMessenger\SecretMessenger\SecretMessenger.csproj", "{E3A1C0AB-4870-42A6-9907-2C7A1E2A4B2D}"
EndProject
Project("{FAE04EC0-301F-11D3-BF4B-00C04F79EFBC}") = "SecretMessenger.Android", "SecretMessenger\SecretMessenger.Android\SecretMessenger.Android.csproj", "{DA2371F1-DCAC-4158-B690-43C80C3E825C}"
EndProject
Global
	GlobalSection(SolutionConfigurationPlatforms) = preSolution
		Ad-Hoc|Any CPU = Ad-Hoc|Any CPU
		Ad-Hoc|iPhone = Ad-Hoc|iPhone
		Ad-Hoc|iPhoneSimulator = Ad-Hoc|iPhoneSimulator
		AppStore|Any CPU = AppStore|Any CPU
		AppStore|iPhone = AppStore|iPhone
		AppStore|iPhoneSimulator = AppStore|iPhoneSimulator
		Debug|Any CPU = Debug|Any CPU
		Debug|iPhone = Debug|iPhone
		Debug|iPhoneSimulator = Debug|iPhoneSimulator
		Release|Any CPU = Release|Any CPU
		Release|iPhone = Release|iPhone
		Release|iPhoneSimulator = Release|iPhoneSimulator
	EndGlobalSection
	GlobalSection(ProjectConfigurationPlatforms) = postSolution
		{E3A1C0AB-4870-42A6-9907-2C7A1E2A4B2D}.Ad-Hoc|Any CPU.ActiveCfg = Release|Any CPU
		{E3A1C0AB-4870-42A6-9907-2C7A1E2A4B2D}.Ad-Hoc|Any CPU.Build.0 = Release|Any CPU
		{E3A1C0AB-4870-42A6-9907-2C7A1E2A4B2D}.Ad-Hoc|iPhone.ActiveCfg = Debug|Any CPU
		{E3A1C0AB-4870-42A6-9907-2C7A1E2A4B2D}.Ad-Hoc|iPhone.Build.0 = Debug|Any CPU
		{E3A1C0AB-4870-42A6-9907-2C7A1E2A4B2D}.Ad-Hoc|iPhoneSimulator.ActiveCfg = Release|Any CPU
		{E3A1C0AB-4870-42A6-9907-2C7A1E2A4B2D}.Ad-Hoc|iPhoneSimulator.Build.0 = Release|Any CPU
		{E3A1C0AB-4870-42A6-9907-2C7A1E2A4B2D}.AppStore|Any CPU.ActiveCfg = Release|Any CPU
		{E3A1C0AB-4870-42A6-9907-2C7A1E2A4B2D}.AppStore|Any CPU.Build.0 = Release|Any CPU
		{E3A1C0AB-4870-42A6-9907-2C7A1E2A4B2D}.AppStore|iPhone.ActiveCfg = Debug|Any CPU
		{E3A1C0AB-4870-42A6-9907-2C7A1E2A4B2D}.AppStore|iPhone.Build.0 = Debug|Any CPU
		{E3A1C0AB-4870-42A6-9907-2C7A1E2A4B2D}.AppStore|iPhoneSimulator.ActiveCfg = Release|Any CPU
		{E3A1C0AB-4870-42A6-9907-2C7A1E2A4B2D}.AppStore|iPhoneSimulator.Build.0 = Release|Any CPU
		{E3A1C0AB-4870-42A6-9907-2C7A1E2A4B2D}.Debug|Any CPU.ActiveCfg = Debug|Any CPU
		{E3A1C0AB-4870-42A6-9907-2C7A1E2A4B2D}.Debug|Any CPU.Build.0 = Debug|Any CPU
		{E3A1C0AB-4870-42A6-9907-2C7A1E2A4B2D}.Debug|iPhone.ActiveCfg = Debug|Any CPU
		{E3A1C0AB-4870-42A6-9907-2C7A1E2A4B2D}.Debug|iPhone.Build.0 = Debug|Any CPU
		{E3A1C0AB-4870-42A6-9907-2C7A1E2A4B2D}.Debug|iPhoneSimulator.ActiveCfg = Debug|Any CPU
		{E3A1C0AB-4870-42A6-9907-2C7A1E2A4B2D}.Debug|iPhoneSimulator.Build.0 = Debug|Any CPU
		{E3A1C0AB-4870-42A6-9907-2C7A1E2A4B2D}.Release|Any CPU.ActiveCfg = Release|Any CPU
		{E3A1C0AB-4870-42A6-9907-2C7A1E2A4B2D}.Release|Any CPU.Build.0 = Release|Any CPU
		{E3A1C0AB-4870-42A6-9907-2C7A1E2A4B2D}.Release|iPhone.ActiveCfg = Release|Any CPU
		{E3A1C0AB-4870-42A6-9907-2C7A1E2A4B2D}.Release|iPhone.Build.0 = Release|Any CPU
		{E3A1C0AB-4870-42A6-9907-2C7A1E2A4B2D}.Release|iPhoneSimulator.ActiveCfg = Release|Any CPU
		{E3A1C0AB-4870-42A6-9907-2C7A1E2A4B2D}.Release|iPhoneSimulator.Build.0 = Release|Any CPU
		{DA2371F1-DCAC-4158-B690-43C80C3E825C}.Ad-Hoc|Any CPU.ActiveCfg = Release|Any CPU
		{DA2371F1-DCAC-4158-B690-43C80C3E825C}.Ad-Hoc|Any CPU.Build.0 = Release|Any CPU
		{DA2371F1-DCAC-4158-B690-43C80C3E825C}.Ad-Hoc|Any CPU.Deploy.0 = Release|Any CPU
		{DA2371F1-DCAC-4158-B690-43C80C3E825C}.Ad-Hoc|iPhone.ActiveCfg = Debug|Any CPU
		{DA2371F1-DCAC-4158-B690-43C80C3E825C}.Ad-Hoc|iPhone.Build.0 = Debug|Any CPU
		{DA2371F1-DCAC-4158-B690-43C80C3E825C}.Ad-Hoc|iPhone.Deploy.0 = Debug|Any CPU
		{DA2371F1-DCAC-4158-B690-43C80C3E825C}.Ad-Hoc|iPhoneSimulator.ActiveCfg = Release|Any CPU
		{DA2371F1-DCAC-4158-B690-43C80C3E825C}.Ad-Hoc|iPhoneSimulator.Build.0 = Release|Any CPU
		{DA2371F1-DCAC-4158-B690-43C80C3E825C}.Ad-Hoc|iPhoneSimulator.Deploy.0 = Release|Any CPU
		{DA2371F1-DCAC-4158-B690-43C80C3E825C}.AppStore|Any CPU.ActiveCfg = Release|Any CPU
		{DA2371F1-DCAC-4158-B690-43C80C3E825C}.AppStore|Any CPU.Build.0 = Release|Any CPU
		{DA2371F1-DCAC-4158-B690-43C80C3E825C}.AppStore|Any CPU.Deploy.0 = Release|Any CPU
		{DA2371F1-DCAC-4158-B690-43C80C3E825C}.AppStore|iPhone.ActiveCfg = Debug|Any CPU
		{DA2371F1-DCAC-4158-B690-43C80C3E825C}.AppStore|iPhone.Build.0 = Debug|Any CPU
		{DA2371F1-DCAC-4158-B690-43C80C3E825C}.AppStore|iPhone.Deploy.0 = Debug|Any CPU
		{DA2371F1-DCAC-4158-B690-43C80C3E825C}.AppStore|iPhoneSimulator.ActiveCfg = Release|Any CPU
		{DA2371F1-DCAC-4158-B690-43C80C3E825C}.AppStore|iPhoneSimulator.Build.0 = Release|Any CPU
		{DA2371F1-DCAC-4158-B690-43C80C3E825C}.AppStore|iPhoneSimulator.Deploy.0 = Release|Any CPU
		{DA2371F1-DCAC-4158-B690-43C80C3E825C}.Debug|Any CPU.ActiveCfg = Debug|Any CPU
		{DA2371F1-DCAC-4158-B690-43C80C3E825C}.Debug|Any CPU.Build.0 = Debug|Any CPU
		{DA2371F1-DCAC-4158-B690-43C80C3E825C}.Debug|Any CPU.Deploy.0 = Debug|Any CPU
		{DA2371F1-DCAC-4158-B690-43C80C3E825C}.Debug|iPhone.ActiveCfg = Debug|Any CPU
		{DA2371F1-DCAC-4158-B690-43C80C3E825C}.Debug|iPhone.Build.0 = Debug|Any CPU
		{DA2371F1-DCAC-4158-B690-43C80C3E825C}.Debug|iPhone.Deploy.0 = Debug|Any CPU
		{DA2371F1-DCAC-4158-B690-43C80C3E825C}.Debug|iPhoneSimulator.ActiveCfg = Debug|Any CPU
		{DA2371F1-DCAC-4158-B690-43C80C3E825C}.Debug|iPhoneSimulator.Build.0 = Debug|Any CPU
		{DA2371F1-DCAC-4158-B690-43C80C3E825C}.Debug|iPhoneSimulator.Deploy.0 = Debug|Any CPU
		{DA2371F1-DCAC-4158-B690-43C80C3E825C}.Release|Any CPU.ActiveCfg = Release|Any CPU
		{DA2371F1-DCAC-4158-B690-43C80C3E825C}.Release|Any CPU.Build.0 = Release|Any CPU
		{DA2371F1-DCAC-4158-B690-43C80C3E825C}.Release|Any CPU.Deploy.0 = Release|Any CPU
		{DA2371F1-DCAC-4158-B690-43C80C3E825C}.Release|iPhone.ActiveCfg = Release|Any CPU
		{DA2371F1-DCAC-4158-B690-43C80C3E825C}.Release|iPhone.Build.0 = Release|Any CPU
		{DA2371F1-DCAC-4158-B690-43C80C3E825C}.Release|iPhone.Deploy.0 = Release|Any CPU
		{DA2371F1-DCAC-4158-B690-43C80C3E825C}.Release|iPhoneSimulator.ActiveCfg = Release|Any CPU
		{DA2371F1-DCAC-4158-B690-43C80C3E825C}.Release|iPhoneSimulator.Build.0 = Release|Any CPU
		{DA2371F1-DCAC-4158-B690-43C80C3E825C}.Release|iPhoneSimulator.Deploy.0 = Release|Any CPU
	EndGlobalSection
	GlobalSection(SolutionProperties) = preSolution
		HideSolutionNode = FALSE
	EndGlobalSection
	GlobalSection(ExtensibilityGlobals) = postSolution
		SolutionGuid = {A7B14319-FAFD-4A4C-86C4-74625F0A5D3C}
	EndGlobalSection
EndGlobal
